
Microsoft Visual Studio Solution File, Format Version 12.00
# Visual Studio Version 17
VisualStudioVersion = 17.4.33122.133
MinimumVisualStudioVersion = 10.0.40219.1
Project("{FAE04EC0-301F-11D3-BF4B-00C04F79EFBC}") = "VideoReversingGUI", "VideoReversingGUI\VideoReversingGUI.csproj", "{C7039691-CEEC-43CE-9FF0-0D8C88A4F4B4}"
EndProject
Project("{8BC9CEB8-8B4A-11D0-8D11-00A0C91BC942}") = "VideoReversingDLL", "VideoReversingDLL\VideoReversingDLL.vcxproj", "{12DA647A-A533-476F-9B63-B9E64459AB21}"
EndProject
Global
	GlobalSection(SolutionConfigurationPlatforms) = preSolution
		Debug|Any CPU = Debug|Any CPU
		Debug|x64 = Debug|x64
		Debug|x86 = Debug|x86
		Release|Any CPU = Release|Any CPU
		Release|x64 = Release|x64
		Release|x86 = Release|x86
	EndGlobalSection
	GlobalSection(ProjectConfigurationPlatforms) = postSolution
		{C7039691-CEEC-43CE-9FF0-0D8C88A4F4B4}.Debug|Any CPU.ActiveCfg = Debug|Any CPU
		{C7039691-CEEC-43CE-9FF0-0D8C88A4F4B4}.Debug|Any CPU.Build.0 = Debug|Any CPU
		{C7039691-CEEC-43CE-9FF0-0D8C88A4F4B4}.Debug|x64.ActiveCfg = Debug|Any CPU
		{C7039691-CEEC-43CE-9FF0-0D8C88A4F4B4}.Debug|x64.Build.0 = Debug|Any CPU
		{C7039691-CEEC-43CE-9FF0-0D8C88A4F4B4}.Debug|x86.ActiveCfg = Debug|Any CPU
		{C7039691-CEEC-43CE-9FF0-0D8C88A4F4B4}.Debug|x86.Build.0 = Debug|Any CPU
		{C7039691-CEEC-43CE-9FF0-0D8C88A4F4B4}.Release|Any CPU.ActiveCfg = Release|Any CPU
		{C7039691-CEEC-43CE-9FF0-0D8C88A4F4B4}.Release|Any CPU.Build.0 = Release|Any CPU
		{C7039691-CEEC-43CE-9FF0-0D8C88A4F4B4}.Release|x64.ActiveCfg = Release|Any CPU
		{C7039691-CEEC-43CE-9FF0-0D8C88A4F4B4}.Release|x64.Build.0 = Release|Any CPU
		{C7039691-CEEC-43CE-9FF0-0D8C88A4F4B4}.Release|x86.ActiveCfg = Release|Any CPU
		{C7039691-CEEC-43CE-9FF0-0D8C88A4F4B4}.Release|x86.Build.0 = Release|Any CPU
		{12DA647A-A533-476F-9B63-B9E64459AB21}.Debug|Any CPU.ActiveCfg = Debug|x64
		{12DA647A-A533-476F-9B63-B9E64459AB21}.Debug|Any CPU.Build.0 = Debug|x64
		{12DA647A-A533-476F-9B63-B9E64459AB21}.Debug|x64.ActiveCfg = Debug|x64
		{12DA647A-A533-476F-9B63-B9E64459AB21}.Debug|x64.Build.0 = Debug|x64
		{12DA647A-A533-476F-9B63-B9E64459AB21}.Debug|x86.ActiveCfg = Debug|Win32
		{12DA647A-A533-476F-9B63-B9E64459AB21}.Debug|x86.Build.0 = Debug|Win32
		{12DA647A-A533-476F-9B63-B9E64459AB21}.Release|Any CPU.ActiveCfg = Release|x64
		{12DA647A-A533-476F-9B63-B9E64459AB21}.Release|Any CPU.Build.0 = Release|x64
		{12DA647A-A533-476F-9B63-B9E64459AB21}.Release|x64.ActiveCfg = Release|x64
		{12DA647A-A533-476F-9B63-B9E64459AB21}.Release|x64.Build.0 = Release|x64
		{12DA647A-A533-476F-9B63-B9E64459AB21}.Release|x86.ActiveCfg = Release|Win32
		{12DA647A-A533-476F-9B63-B9E64459AB21}.Release|x86.Build.0 = Release|Win32
	EndGlobalSection
	GlobalSection(SolutionProperties) = preSolution
		HideSolutionNode = FALSE
	EndGlobalSection
	GlobalSection(ExtensibilityGlobals) = postSolution
		SolutionGuid = {185193B1-9CEC-478B-A1D0-EC1B18B212CC}
	EndGlobalSection
EndGlobal
